
Microsoft Visual Studio Solution File, Format Version 12.00
Project("{2150E333-8FDC-42A3-9474-1A3956D46DE8}") = "src", "src", "{2B29707C-258B-4715-9758-8D940F247D2A}"
EndProject
Project("{FAE04EC0-301F-11D3-BF4B-00C04F79EFBC}") = "App", "src\App\App.csproj", "{87936E5C-CB52-40D5-A5FB-B03F4577A093}"
EndProject

Global
	GlobalSection(SolutionConfigurationPlatforms) = preSolution
		Debug|Any CPU = Debug|Any CPU
		Release|Any CPU = Release|Any CPU
	EndGlobalSection
	GlobalSection(NestedProjects) = preSolution
		{454B470C-FE04-4B84-8922-DE12E83F2698} = {2B29707C-258B-4715-9758-8D940F247D2A}
		{63C0FB6C-CEB1-42BD-9E10-C5B7DDCAD9A5} = {2B29707C-258B-4715-9758-8D940F247D2A}
		{87936E5C-CB52-40D5-A5FB-B03F4577A093} = {2B29707C-258B-4715-9758-8D940F247D2A}
	EndGlobalSection
	GlobalSection(ProjectConfigurationPlatforms) = postSolution
		{454B470C-FE04-4B84-8922-DE12E83F2698}.Debug|Any CPU.ActiveCfg = Debug|Any CPU
		{454B470C-FE04-4B84-8922-DE12E83F2698}.Debug|Any CPU.Build.0 = Debug|Any CPU
		{454B470C-FE04-4B84-8922-DE12E83F2698}.Release|Any CPU.ActiveCfg = Release|Any CPU
		{454B470C-FE04-4B84-8922-DE12E83F2698}.Release|Any CPU.Build.0 = Release|Any CPU
		{63C0FB6C-CEB1-42BD-9E10-C5B7DDCAD9A5}.Debug|Any CPU.ActiveCfg = Debug|Any CPU
		{63C0FB6C-CEB1-42BD-9E10-C5B7DDCAD9A5}.Debug|Any CPU.Build.0 = Debug|Any CPU
		{63C0FB6C-CEB1-42BD-9E10-C5B7DDCAD9A5}.Release|Any CPU.ActiveCfg = Release|Any CPU
		{63C0FB6C-CEB1-42BD-9E10-C5B7DDCAD9A5}.Release|Any CPU.Build.0 = Release|Any CPU
		{87936E5C-CB52-40D5-A5FB-B03F4577A093}.Debug|Any CPU.ActiveCfg = Debug|Any CPU
		{87936E5C-CB52-40D5-A5FB-B03F4577A093}.Debug|Any CPU.Build.0 = Debug|Any CPU
		{87936E5C-CB52-40D5-A5FB-B03F4577A093}.Release|Any CPU.ActiveCfg = Release|Any CPU
		{87936E5C-CB52-40D5-A5FB-B03F4577A093}.Release|Any CPU.Build.0 = Release|Any CPU
	EndGlobalSection
EndGlobal
